
Microsoft Visual Studio Solution File, Format Version 12.00
# Visual Studio 15
VisualStudioVersion = 15.0.27703.2047
MinimumVisualStudioVersion = 10.0.40219.1
Project("{FAE04EC0-301F-11D3-BF4B-00C04F79EFBC}") = "JeuDroides.Console.UI", "JeuDroides.Console.UI\JeuDroides.Console.UI.csproj", "{6E809474-91F8-4DC9-B817-3761384FE00E}"
EndProject
Project("{FAE04EC0-301F-11D3-BF4B-00C04F79EFBC}") = "ZooDesRobots", "ZooDesRobots\ZooDesRobots.csproj", "{4E90677A-A803-4A95-AA2B-80D84045F051}"
EndProject
Project("{FAE04EC0-301F-11D3-BF4B-00C04F79EFBC}") = "Calculator", "Calculator\Calculator.csproj", "{7AE9FE48-7631-40B9-8EBF-98A6A63B5537}"
EndProject
Project("{FAE04EC0-301F-11D3-BF4B-00C04F79EFBC}") = "PresentationEnumeration", "PresentationEnumeration\PresentationEnumeration.csproj", "{B981CBE0-FEB4-4984-BD04-99866962C4BF}"
EndProject
Project("{2150E333-8FDC-42A3-9474-1A3956D46DE8}") = "Projet final", "Projet final", "{8AD84668-31AE-4D29-819D-4BDDA2D20C1E}"
EndProject
Project("{2150E333-8FDC-42A3-9474-1A3956D46DE8}") = "Projet Auxilliaire", "Projet Auxilliaire", "{07EB9F41-BB91-47C7-A142-00A34ACF8628}"
EndProject
Project("{FAE04EC0-301F-11D3-BF4B-00C04F79EFBC}") = "BossNumber2", "BossNumber2\BossNumber2.csproj", "{8A192E2F-3617-406C-8B81-349AE22935C8}"
EndProject
Project("{FAE04EC0-301F-11D3-BF4B-00C04F79EFBC}") = "JeuDroides.Core", "JeuDroides.Core\JeuDroides.Core.csproj", "{9296DF54-5810-43DE-A263-9B5BC0AD64E0}"
EndProject
Project("{FAE04EC0-301F-11D3-BF4B-00C04F79EFBC}") = "DecouverteAdoNet", "DecouverteAdoNet\DecouverteAdoNet.csproj", "{27BFB212-F306-4D10-95FE-8C81B480D044}"
EndProject
Project("{FAE04EC0-301F-11D3-BF4B-00C04F79EFBC}") = "DecouverteAdoNetBisExecuteNonQuery", "DecouverteAdoNetBisExecuteNonQuery\DecouverteAdoNetBisExecuteNonQuery.csproj", "{8235641B-5E93-44B2-B65E-34FD786E8EA4}"
EndProject
Project("{FAE04EC0-301F-11D3-BF4B-00C04F79EFBC}") = "BossGestionDroide", "BossGestionDroide\BossGestionDroide.csproj", "{750FC829-DA64-4A9E-A8F2-1BF01EB34B3B}"
EndProject
Project("{FAE04EC0-301F-11D3-BF4B-00C04F79EFBC}") = "DecouverteMvcNet", "DecouverteMvcNet\DecouverteMvcNet.csproj", "{CB7B6EA0-D650-4404-BB9D-4F700E969E8F}"
EndProject
Project("{FAE04EC0-301F-11D3-BF4B-00C04F79EFBC}") = "AffichageDroideM", "AffichageDroideM\AffichageDroideM.csproj", "{355CE675-4782-4675-A671-B0174A420E59}"
EndProject
Project("{FAE04EC0-301F-11D3-BF4B-00C04F79EFBC}") = "DecouverteEntity", "DecouverteEntity\DecouverteEntity.csproj", "{96E405D5-FB4B-4415-9EFA-CC482930A438}"
EndProject
Project("{FAE04EC0-301F-11D3-BF4B-00C04F79EFBC}") = "AjoutEntities", "AjoutEntities\AjoutEntities.csproj", "{10498C12-59B0-4D3C-9D55-3310F041EBBD}"
EndProject
Project("{FAE04EC0-301F-11D3-BF4B-00C04F79EFBC}") = "MaSuperLibrairie", "MaSuperLibrairie\MaSuperLibrairie.csproj", "{061C3910-E544-4C5F-9FA7-E70C054D258F}"
EndProject
Project("{FAE04EC0-301F-11D3-BF4B-00C04F79EFBC}") = "AppelDalEtEntities", "AppelDalEtEntities\AppelDalEtEntities.csproj", "{D7FBD5AA-D2CB-47C7-B6D5-CB91C031686A}"
EndProject
Project("{FAE04EC0-301F-11D3-BF4B-00C04F79EFBC}") = "DecouverteSession", "DecouverteSession\DecouverteSession.csproj", "{7D033B53-3483-4602-933F-B4DA0A162584}"
EndProject
Project("{2150E333-8FDC-42A3-9474-1A3956D46DE8}") = "Dal exemple", "Dal exemple", "{2BA03167-BC67-43D1-B84C-DE160007D8FD}"
EndProject
Project("{2150E333-8FDC-42A3-9474-1A3956D46DE8}") = "DecouverteAPI", "DecouverteAPI", "{C74779D4-24BD-4110-AD28-686490460274}"
EndProject
Project("{FAE04EC0-301F-11D3-BF4B-00C04F79EFBC}") = "API", "API\API.csproj", "{81C98234-0BF1-48EE-AF3A-633DCA62C00B}"
EndProject
Project("{FAE04EC0-301F-11D3-BF4B-00C04F79EFBC}") = "ConsoleAppelApiXml", "ConsoleAppelApiXml\ConsoleAppelApiXml.csproj", "{0D38B6EC-8966-4BDC-991C-D2867EA02CB8}"
EndProject
Project("{FAE04EC0-301F-11D3-BF4B-00C04F79EFBC}") = "ConsoleAppAppelPost", "ConsoleAppAppelPost\ConsoleAppAppelPost.csproj", "{8CBF5216-ECBA-4232-9063-899F168C7989}"
EndProject
Project("{2150E333-8FDC-42A3-9474-1A3956D46DE8}") = "TestUnitaires", "TestUnitaires", "{448DF9F8-ABCF-475F-AC73-7FCC33C8713B}"
EndProject
Project("{FAE04EC0-301F-11D3-BF4B-00C04F79EFBC}") = "UnitTestProjectLePremier", "UnitTestProjectLePremier\UnitTestProjectLePremier.csproj", "{63986C27-F426-4D3A-8A0E-16BCC4C22EF7}"
EndProject
Project("{FAE04EC0-301F-11D3-BF4B-00C04F79EFBC}") = "MesOperationsArithmetiques", "MesOperationsArithmetiques\MesOperationsArithmetiques.csproj", "{F43D73B6-9B61-40D6-8F9C-4F1648E218E7}"
EndProject
Global
	GlobalSection(SolutionConfigurationPlatforms) = preSolution
		Debug|Any CPU = Debug|Any CPU
		Release|Any CPU = Release|Any CPU
		Staging|Any CPU = Staging|Any CPU
	EndGlobalSection
	GlobalSection(ProjectConfigurationPlatforms) = postSolution
		{6E809474-91F8-4DC9-B817-3761384FE00E}.Debug|Any CPU.ActiveCfg = Debug|Any CPU
		{6E809474-91F8-4DC9-B817-3761384FE00E}.Debug|Any CPU.Build.0 = Debug|Any CPU
		{6E809474-91F8-4DC9-B817-3761384FE00E}.Release|Any CPU.ActiveCfg = Release|Any CPU
		{6E809474-91F8-4DC9-B817-3761384FE00E}.Release|Any CPU.Build.0 = Release|Any CPU
		{6E809474-91F8-4DC9-B817-3761384FE00E}.Staging|Any CPU.ActiveCfg = Staging|Any CPU
		{6E809474-91F8-4DC9-B817-3761384FE00E}.Staging|Any CPU.Build.0 = Staging|Any CPU
		{4E90677A-A803-4A95-AA2B-80D84045F051}.Debug|Any CPU.ActiveCfg = Debug|Any CPU
		{4E90677A-A803-4A95-AA2B-80D84045F051}.Debug|Any CPU.Build.0 = Debug|Any CPU
		{4E90677A-A803-4A95-AA2B-80D84045F051}.Release|Any CPU.ActiveCfg = Release|Any CPU
		{4E90677A-A803-4A95-AA2B-80D84045F051}.Release|Any CPU.Build.0 = Release|Any CPU
		{4E90677A-A803-4A95-AA2B-80D84045F051}.Staging|Any CPU.ActiveCfg = Staging|Any CPU
		{4E90677A-A803-4A95-AA2B-80D84045F051}.Staging|Any CPU.Build.0 = Staging|Any CPU
		{7AE9FE48-7631-40B9-8EBF-98A6A63B5537}.Debug|Any CPU.ActiveCfg = Debug|Any CPU
		{7AE9FE48-7631-40B9-8EBF-98A6A63B5537}.Debug|Any CPU.Build.0 = Debug|Any CPU
		{7AE9FE48-7631-40B9-8EBF-98A6A63B5537}.Release|Any CPU.ActiveCfg = Release|Any CPU
		{7AE9FE48-7631-40B9-8EBF-98A6A63B5537}.Release|Any CPU.Build.0 = Release|Any CPU
		{7AE9FE48-7631-40B9-8EBF-98A6A63B5537}.Staging|Any CPU.ActiveCfg = Staging|Any CPU
		{7AE9FE48-7631-40B9-8EBF-98A6A63B5537}.Staging|Any CPU.Build.0 = Staging|Any CPU
		{B981CBE0-FEB4-4984-BD04-99866962C4BF}.Debug|Any CPU.ActiveCfg = Debug|Any CPU
		{B981CBE0-FEB4-4984-BD04-99866962C4BF}.Debug|Any CPU.Build.0 = Debug|Any CPU
		{B981CBE0-FEB4-4984-BD04-99866962C4BF}.Release|Any CPU.ActiveCfg = Release|Any CPU
		{B981CBE0-FEB4-4984-BD04-99866962C4BF}.Release|Any CPU.Build.0 = Release|Any CPU
		{B981CBE0-FEB4-4984-BD04-99866962C4BF}.Staging|Any CPU.ActiveCfg = Staging|Any CPU
		{B981CBE0-FEB4-4984-BD04-99866962C4BF}.Staging|Any CPU.Build.0 = Staging|Any CPU
		{8A192E2F-3617-406C-8B81-349AE22935C8}.Debug|Any CPU.ActiveCfg = Debug|Any CPU
		{8A192E2F-3617-406C-8B81-349AE22935C8}.Debug|Any CPU.Build.0 = Debug|Any CPU
		{8A192E2F-3617-406C-8B81-349AE22935C8}.Release|Any CPU.ActiveCfg = Release|Any CPU
		{8A192E2F-3617-406C-8B81-349AE22935C8}.Release|Any CPU.Build.0 = Release|Any CPU
		{8A192E2F-3617-406C-8B81-349AE22935C8}.Staging|Any CPU.ActiveCfg = Staging|Any CPU
		{8A192E2F-3617-406C-8B81-349AE22935C8}.Staging|Any CPU.Build.0 = Staging|Any CPU
		{9296DF54-5810-43DE-A263-9B5BC0AD64E0}.Debug|Any CPU.ActiveCfg = Debug|Any CPU
		{9296DF54-5810-43DE-A263-9B5BC0AD64E0}.Debug|Any CPU.Build.0 = Debug|Any CPU
		{9296DF54-5810-43DE-A263-9B5BC0AD64E0}.Release|Any CPU.ActiveCfg = Release|Any CPU
		{9296DF54-5810-43DE-A263-9B5BC0AD64E0}.Release|Any CPU.Build.0 = Release|Any CPU
		{9296DF54-5810-43DE-A263-9B5BC0AD64E0}.Staging|Any CPU.ActiveCfg = Staging|Any CPU
		{9296DF54-5810-43DE-A263-9B5BC0AD64E0}.Staging|Any CPU.Build.0 = Staging|Any CPU
		{27BFB212-F306-4D10-95FE-8C81B480D044}.Debug|Any CPU.ActiveCfg = Debug|Any CPU
		{27BFB212-F306-4D10-95FE-8C81B480D044}.Debug|Any CPU.Build.0 = Debug|Any CPU
		{27BFB212-F306-4D10-95FE-8C81B480D044}.Release|Any CPU.ActiveCfg = Release|Any CPU
		{27BFB212-F306-4D10-95FE-8C81B480D044}.Release|Any CPU.Build.0 = Release|Any CPU
		{27BFB212-F306-4D10-95FE-8C81B480D044}.Staging|Any CPU.ActiveCfg = Staging|Any CPU
		{27BFB212-F306-4D10-95FE-8C81B480D044}.Staging|Any CPU.Build.0 = Staging|Any CPU
		{8235641B-5E93-44B2-B65E-34FD786E8EA4}.Debug|Any CPU.ActiveCfg = Debug|Any CPU
		{8235641B-5E93-44B2-B65E-34FD786E8EA4}.Debug|Any CPU.Build.0 = Debug|Any CPU
		{8235641B-5E93-44B2-B65E-34FD786E8EA4}.Release|Any CPU.ActiveCfg = Release|Any CPU
		{8235641B-5E93-44B2-B65E-34FD786E8EA4}.Release|Any CPU.Build.0 = Release|Any CPU
		{8235641B-5E93-44B2-B65E-34FD786E8EA4}.Staging|Any CPU.ActiveCfg = Staging|Any CPU
		{8235641B-5E93-44B2-B65E-34FD786E8EA4}.Staging|Any CPU.Build.0 = Staging|Any CPU
		{750FC829-DA64-4A9E-A8F2-1BF01EB34B3B}.Debug|Any CPU.ActiveCfg = Debug|Any CPU
		{750FC829-DA64-4A9E-A8F2-1BF01EB34B3B}.Debug|Any CPU.Build.0 = Debug|Any CPU
		{750FC829-DA64-4A9E-A8F2-1BF01EB34B3B}.Release|Any CPU.ActiveCfg = Release|Any CPU
		{750FC829-DA64-4A9E-A8F2-1BF01EB34B3B}.Release|Any CPU.Build.0 = Release|Any CPU
		{750FC829-DA64-4A9E-A8F2-1BF01EB34B3B}.Staging|Any CPU.ActiveCfg = Staging|Any CPU
		{750FC829-DA64-4A9E-A8F2-1BF01EB34B3B}.Staging|Any CPU.Build.0 = Staging|Any CPU
		{CB7B6EA0-D650-4404-BB9D-4F700E969E8F}.Debug|Any CPU.ActiveCfg = Debug|Any CPU
		{CB7B6EA0-D650-4404-BB9D-4F700E969E8F}.Debug|Any CPU.Build.0 = Debug|Any CPU
		{CB7B6EA0-D650-4404-BB9D-4F700E969E8F}.Release|Any CPU.ActiveCfg = Release|Any CPU
		{CB7B6EA0-D650-4404-BB9D-4F700E969E8F}.Release|Any CPU.Build.0 = Release|Any CPU
		{CB7B6EA0-D650-4404-BB9D-4F700E969E8F}.Staging|Any CPU.ActiveCfg = Staging|Any CPU
		{CB7B6EA0-D650-4404-BB9D-4F700E969E8F}.Staging|Any CPU.Build.0 = Staging|Any CPU
		{355CE675-4782-4675-A671-B0174A420E59}.Debug|Any CPU.ActiveCfg = Debug|Any CPU
		{355CE675-4782-4675-A671-B0174A420E59}.Debug|Any CPU.Build.0 = Debug|Any CPU
		{355CE675-4782-4675-A671-B0174A420E59}.Release|Any CPU.ActiveCfg = Release|Any CPU
		{355CE675-4782-4675-A671-B0174A420E59}.Release|Any CPU.Build.0 = Release|Any CPU
		{355CE675-4782-4675-A671-B0174A420E59}.Staging|Any CPU.ActiveCfg = Staging|Any CPU
		{355CE675-4782-4675-A671-B0174A420E59}.Staging|Any CPU.Build.0 = Staging|Any CPU
		{96E405D5-FB4B-4415-9EFA-CC482930A438}.Debug|Any CPU.ActiveCfg = Debug|Any CPU
		{96E405D5-FB4B-4415-9EFA-CC482930A438}.Debug|Any CPU.Build.0 = Debug|Any CPU
		{96E405D5-FB4B-4415-9EFA-CC482930A438}.Release|Any CPU.ActiveCfg = Release|Any CPU
		{96E405D5-FB4B-4415-9EFA-CC482930A438}.Release|Any CPU.Build.0 = Release|Any CPU
		{96E405D5-FB4B-4415-9EFA-CC482930A438}.Staging|Any CPU.ActiveCfg = Staging|Any CPU
		{96E405D5-FB4B-4415-9EFA-CC482930A438}.Staging|Any CPU.Build.0 = Staging|Any CPU
		{10498C12-59B0-4D3C-9D55-3310F041EBBD}.Debug|Any CPU.ActiveCfg = Debug|Any CPU
		{10498C12-59B0-4D3C-9D55-3310F041EBBD}.Debug|Any CPU.Build.0 = Debug|Any CPU
		{10498C12-59B0-4D3C-9D55-3310F041EBBD}.Release|Any CPU.ActiveCfg = Release|Any CPU
		{10498C12-59B0-4D3C-9D55-3310F041EBBD}.Release|Any CPU.Build.0 = Release|Any CPU
		{10498C12-59B0-4D3C-9D55-3310F041EBBD}.Staging|Any CPU.ActiveCfg = Staging|Any CPU
		{10498C12-59B0-4D3C-9D55-3310F041EBBD}.Staging|Any CPU.Build.0 = Staging|Any CPU
		{061C3910-E544-4C5F-9FA7-E70C054D258F}.Debug|Any CPU.ActiveCfg = Debug|Any CPU
		{061C3910-E544-4C5F-9FA7-E70C054D258F}.Debug|Any CPU.Build.0 = Debug|Any CPU
		{061C3910-E544-4C5F-9FA7-E70C054D258F}.Release|Any CPU.ActiveCfg = Release|Any CPU
		{061C3910-E544-4C5F-9FA7-E70C054D258F}.Release|Any CPU.Build.0 = Release|Any CPU
		{061C3910-E544-4C5F-9FA7-E70C054D258F}.Staging|Any CPU.ActiveCfg = Staging|Any CPU
		{061C3910-E544-4C5F-9FA7-E70C054D258F}.Staging|Any CPU.Build.0 = Staging|Any CPU
		{D7FBD5AA-D2CB-47C7-B6D5-CB91C031686A}.Debug|Any CPU.ActiveCfg = Debug|Any CPU
		{D7FBD5AA-D2CB-47C7-B6D5-CB91C031686A}.Debug|Any CPU.Build.0 = Debug|Any CPU
		{D7FBD5AA-D2CB-47C7-B6D5-CB91C031686A}.Release|Any CPU.ActiveCfg = Release|Any CPU
		{D7FBD5AA-D2CB-47C7-B6D5-CB91C031686A}.Release|Any CPU.Build.0 = Release|Any CPU
		{D7FBD5AA-D2CB-47C7-B6D5-CB91C031686A}.Staging|Any CPU.ActiveCfg = Staging|Any CPU
		{D7FBD5AA-D2CB-47C7-B6D5-CB91C031686A}.Staging|Any CPU.Build.0 = Staging|Any CPU
		{7D033B53-3483-4602-933F-B4DA0A162584}.Debug|Any CPU.ActiveCfg = Debug|Any CPU
		{7D033B53-3483-4602-933F-B4DA0A162584}.Debug|Any CPU.Build.0 = Debug|Any CPU
		{7D033B53-3483-4602-933F-B4DA0A162584}.Release|Any CPU.ActiveCfg = Release|Any CPU
		{7D033B53-3483-4602-933F-B4DA0A162584}.Release|Any CPU.Build.0 = Release|Any CPU
		{7D033B53-3483-4602-933F-B4DA0A162584}.Staging|Any CPU.ActiveCfg = Staging|Any CPU
		{7D033B53-3483-4602-933F-B4DA0A162584}.Staging|Any CPU.Build.0 = Staging|Any CPU
		{81C98234-0BF1-48EE-AF3A-633DCA62C00B}.Debug|Any CPU.ActiveCfg = Debug|Any CPU
		{81C98234-0BF1-48EE-AF3A-633DCA62C00B}.Debug|Any CPU.Build.0 = Debug|Any CPU
		{81C98234-0BF1-48EE-AF3A-633DCA62C00B}.Release|Any CPU.ActiveCfg = Release|Any CPU
		{81C98234-0BF1-48EE-AF3A-633DCA62C00B}.Release|Any CPU.Build.0 = Release|Any CPU
		{81C98234-0BF1-48EE-AF3A-633DCA62C00B}.Staging|Any CPU.ActiveCfg = Staging|Any CPU
		{81C98234-0BF1-48EE-AF3A-633DCA62C00B}.Staging|Any CPU.Build.0 = Staging|Any CPU
		{0D38B6EC-8966-4BDC-991C-D2867EA02CB8}.Debug|Any CPU.ActiveCfg = Debug|Any CPU
		{0D38B6EC-8966-4BDC-991C-D2867EA02CB8}.Debug|Any CPU.Build.0 = Debug|Any CPU
		{0D38B6EC-8966-4BDC-991C-D2867EA02CB8}.Release|Any CPU.ActiveCfg = Release|Any CPU
		{0D38B6EC-8966-4BDC-991C-D2867EA02CB8}.Release|Any CPU.Build.0 = Release|Any CPU
		{0D38B6EC-8966-4BDC-991C-D2867EA02CB8}.Staging|Any CPU.ActiveCfg = Staging|Any CPU
		{0D38B6EC-8966-4BDC-991C-D2867EA02CB8}.Staging|Any CPU.Build.0 = Staging|Any CPU
		{8CBF5216-ECBA-4232-9063-899F168C7989}.Debug|Any CPU.ActiveCfg = Debug|Any CPU
		{8CBF5216-ECBA-4232-9063-899F168C7989}.Debug|Any CPU.Build.0 = Debug|Any CPU
		{8CBF5216-ECBA-4232-9063-899F168C7989}.Release|Any CPU.ActiveCfg = Release|Any CPU
		{8CBF5216-ECBA-4232-9063-899F168C7989}.Release|Any CPU.Build.0 = Release|Any CPU
		{8CBF5216-ECBA-4232-9063-899F168C7989}.Staging|Any CPU.ActiveCfg = Release|Any CPU
		{8CBF5216-ECBA-4232-9063-899F168C7989}.Staging|Any CPU.Build.0 = Release|Any CPU
		{63986C27-F426-4D3A-8A0E-16BCC4C22EF7}.Debug|Any CPU.ActiveCfg = Debug|Any CPU
		{63986C27-F426-4D3A-8A0E-16BCC4C22EF7}.Debug|Any CPU.Build.0 = Debug|Any CPU
		{63986C27-F426-4D3A-8A0E-16BCC4C22EF7}.Release|Any CPU.ActiveCfg = Release|Any CPU
		{63986C27-F426-4D3A-8A0E-16BCC4C22EF7}.Release|Any CPU.Build.0 = Release|Any CPU
		{63986C27-F426-4D3A-8A0E-16BCC4C22EF7}.Staging|Any CPU.ActiveCfg = Release|Any CPU
		{63986C27-F426-4D3A-8A0E-16BCC4C22EF7}.Staging|Any CPU.Build.0 = Release|Any CPU
		{F43D73B6-9B61-40D6-8F9C-4F1648E218E7}.Debug|Any CPU.ActiveCfg = Debug|Any CPU
		{F43D73B6-9B61-40D6-8F9C-4F1648E218E7}.Debug|Any CPU.Build.0 = Debug|Any CPU
		{F43D73B6-9B61-40D6-8F9C-4F1648E218E7}.Release|Any CPU.ActiveCfg = Release|Any CPU
		{F43D73B6-9B61-40D6-8F9C-4F1648E218E7}.Release|Any CPU.Build.0 = Release|Any CPU
		{F43D73B6-9B61-40D6-8F9C-4F1648E218E7}.Staging|Any CPU.ActiveCfg = Release|Any CPU
		{F43D73B6-9B61-40D6-8F9C-4F1648E218E7}.Staging|Any CPU.Build.0 = Release|Any CPU
	EndGlobalSection
	GlobalSection(SolutionProperties) = preSolution
		HideSolutionNode = FALSE
	EndGlobalSection
	GlobalSection(NestedProjects) = preSolution
		{6E809474-91F8-4DC9-B817-3761384FE00E} = {8AD84668-31AE-4D29-819D-4BDDA2D20C1E}
		{4E90677A-A803-4A95-AA2B-80D84045F051} = {07EB9F41-BB91-47C7-A142-00A34ACF8628}
		{7AE9FE48-7631-40B9-8EBF-98A6A63B5537} = {07EB9F41-BB91-47C7-A142-00A34ACF8628}
		{B981CBE0-FEB4-4984-BD04-99866962C4BF} = {07EB9F41-BB91-47C7-A142-00A34ACF8628}
		{8A192E2F-3617-406C-8B81-349AE22935C8} = {07EB9F41-BB91-47C7-A142-00A34ACF8628}
		{9296DF54-5810-43DE-A263-9B5BC0AD64E0} = {8AD84668-31AE-4D29-819D-4BDDA2D20C1E}
		{27BFB212-F306-4D10-95FE-8C81B480D044} = {07EB9F41-BB91-47C7-A142-00A34ACF8628}
		{8235641B-5E93-44B2-B65E-34FD786E8EA4} = {07EB9F41-BB91-47C7-A142-00A34ACF8628}
		{750FC829-DA64-4A9E-A8F2-1BF01EB34B3B} = {07EB9F41-BB91-47C7-A142-00A34ACF8628}
		{CB7B6EA0-D650-4404-BB9D-4F700E969E8F} = {07EB9F41-BB91-47C7-A142-00A34ACF8628}
		{355CE675-4782-4675-A671-B0174A420E59} = {07EB9F41-BB91-47C7-A142-00A34ACF8628}
		{96E405D5-FB4B-4415-9EFA-CC482930A438} = {07EB9F41-BB91-47C7-A142-00A34ACF8628}
		{10498C12-59B0-4D3C-9D55-3310F041EBBD} = {07EB9F41-BB91-47C7-A142-00A34ACF8628}
		{061C3910-E544-4C5F-9FA7-E70C054D258F} = {2BA03167-BC67-43D1-B84C-DE160007D8FD}
		{D7FBD5AA-D2CB-47C7-B6D5-CB91C031686A} = {2BA03167-BC67-43D1-B84C-DE160007D8FD}
		{7D033B53-3483-4602-933F-B4DA0A162584} = {07EB9F41-BB91-47C7-A142-00A34ACF8628}
		{2BA03167-BC67-43D1-B84C-DE160007D8FD} = {07EB9F41-BB91-47C7-A142-00A34ACF8628}
		{C74779D4-24BD-4110-AD28-686490460274} = {07EB9F41-BB91-47C7-A142-00A34ACF8628}
		{81C98234-0BF1-48EE-AF3A-633DCA62C00B} = {C74779D4-24BD-4110-AD28-686490460274}
		{0D38B6EC-8966-4BDC-991C-D2867EA02CB8} = {C74779D4-24BD-4110-AD28-686490460274}
		{8CBF5216-ECBA-4232-9063-899F168C7989} = {C74779D4-24BD-4110-AD28-686490460274}
		{448DF9F8-ABCF-475F-AC73-7FCC33C8713B} = {07EB9F41-BB91-47C7-A142-00A34ACF8628}
		{63986C27-F426-4D3A-8A0E-16BCC4C22EF7} = {448DF9F8-ABCF-475F-AC73-7FCC33C8713B}
		{F43D73B6-9B61-40D6-8F9C-4F1648E218E7} = {448DF9F8-ABCF-475F-AC73-7FCC33C8713B}
	EndGlobalSection
	GlobalSection(ExtensibilityGlobals) = postSolution
		SolutionGuid = {2E8D1413-6473-416F-A0DA-F539677F780F}
	EndGlobalSection
EndGlobal
